// !$*UTF8*$!
{
	archiveVersion = 1;
	classes = {
	};
	objectVersion = 52;
	objects = {

/* Begin PBXBuildFile section */
		031AF05D22EB83CB008040C1 /* README.md in Resources */ = {isa = PBXBuildFile; fileRef = 031AF05C22EB83CA008040C1 /* README.md */; };
		0351459E230F1F5D00A7A1AF /* ForecastDailyBarViewController.xib in Resources */ = {isa = PBXBuildFile; fileRef = 035145A0230F1F5D00A7A1AF /* ForecastDailyBarViewController.xib */; };
		035BF26522F0C6A0003DA149 /* FlickrProvider.swift in Sources */ = {isa = PBXBuildFile; fileRef = 035BF26422F0C6A0003DA149 /* FlickrProvider.swift */; };
		035BF26922F0CB33003DA149 /* FlickrData.swift in Sources */ = {isa = PBXBuildFile; fileRef = 035BF26822F0CB33003DA149 /* FlickrData.swift */; };
		0372AA7222EDAD40004EFFCA /* city.default.json in Resources */ = {isa = PBXBuildFile; fileRef = 0372AA7122EDAD40004EFFCA /* city.default.json */; };
		0376C09E22E862FD005B2B4C /* AppDelegate.swift in Sources */ = {isa = PBXBuildFile; fileRef = 0376C09D22E862FD005B2B4C /* AppDelegate.swift */; };
		0376C0A022E862FF005B2B4C /* Assets.xcassets in Resources */ = {isa = PBXBuildFile; fileRef = 0376C09F22E862FF005B2B4C /* Assets.xcassets */; };
		0376C0A322E862FF005B2B4C /* MainMenu.xib in Resources */ = {isa = PBXBuildFile; fileRef = 0376C0A122E862FF005B2B4C /* MainMenu.xib */; };
		0376C0AF22E862FF005B2B4C /* meteoGraphTests.swift in Sources */ = {isa = PBXBuildFile; fileRef = 0376C0AE22E862FF005B2B4C /* meteoGraphTests.swift */; };
		0376C0BA22E862FF005B2B4C /* meteoGraphUITests.swift in Sources */ = {isa = PBXBuildFile; fileRef = 0376C0B922E862FF005B2B4C /* meteoGraphUITests.swift */; };
		0376C0C922E863F6005B2B4C /* MainWindowController.swift in Sources */ = {isa = PBXBuildFile; fileRef = 0376C0C722E863F6005B2B4C /* MainWindowController.swift */; };
		0376C0D422E8642A005B2B4C /* THSideBarDragDrop.swift in Sources */ = {isa = PBXBuildFile; fileRef = 0376C0CC22E86429005B2B4C /* THSideBarDragDrop.swift */; };
		0376C0D522E8642A005B2B4C /* THSidebarTableCellView.swift in Sources */ = {isa = PBXBuildFile; fileRef = 0376C0CD22E86429005B2B4C /* THSidebarTableCellView.swift */; };
		0376C0D622E8642A005B2B4C /* THSideBarViewController.swift in Sources */ = {isa = PBXBuildFile; fileRef = 0376C0CE22E86429005B2B4C /* THSideBarViewController.swift */; };
		0376C0D722E8642A005B2B4C /* THSideBarData.swift in Sources */ = {isa = PBXBuildFile; fileRef = 0376C0CF22E86429005B2B4C /* THSideBarData.swift */; };
		0376C0D822E8642A005B2B4C /* THTextFieldDelegate.swift in Sources */ = {isa = PBXBuildFile; fileRef = 0376C0D022E86429005B2B4C /* THTextFieldDelegate.swift */; };
		0376C0D922E8642A005B2B4C /* THSideBarDelegate.swift in Sources */ = {isa = PBXBuildFile; fileRef = 0376C0D122E86429005B2B4C /* THSideBarDelegate.swift */; };
		0376C0DA22E8642A005B2B4C /* THSideBarDataSource.swift in Sources */ = {isa = PBXBuildFile; fileRef = 0376C0D222E86429005B2B4C /* THSideBarDataSource.swift */; };
		0376C0DB22E8642A005B2B4C /* THSideBarViewController.xib in Resources */ = {isa = PBXBuildFile; fileRef = 0376C0D322E8642A005B2B4C /* THSideBarViewController.xib */; };
		0376C0E822E86466005B2B4C /* ForecastDailyBarViewController.swift in Sources */ = {isa = PBXBuildFile; fileRef = 0376C0DD22E86465005B2B4C /* ForecastDailyBarViewController.swift */; };
		0376C0EA22E86466005B2B4C /* TemperatureDaylyViewController.xib in Resources */ = {isa = PBXBuildFile; fileRef = 0376C0DF22E86466005B2B4C /* TemperatureDaylyViewController.xib */; };
		0376C0EC22E86466005B2B4C /* ForecastDailyViewController.xib in Resources */ = {isa = PBXBuildFile; fileRef = 0376C0E122E86466005B2B4C /* ForecastDailyViewController.xib */; };
		0376C0ED22E86466005B2B4C /* ForecastDailyViewController.swift in Sources */ = {isa = PBXBuildFile; fileRef = 0376C0E222E86466005B2B4C /* ForecastDailyViewController.swift */; };
		0376C0EE22E86466005B2B4C /* WeatherHourlyViewController.xib in Resources */ = {isa = PBXBuildFile; fileRef = 0376C0E322E86466005B2B4C /* WeatherHourlyViewController.xib */; };
		0376C0EF22E86466005B2B4C /* TemperatureDaylyViewController.swift in Sources */ = {isa = PBXBuildFile; fileRef = 0376C0E422E86466005B2B4C /* TemperatureDaylyViewController.swift */; };
		0376C0F022E86466005B2B4C /* CurrentWeatherViewController.swift in Sources */ = {isa = PBXBuildFile; fileRef = 0376C0E522E86466005B2B4C /* CurrentWeatherViewController.swift */; };
		0376C0F122E86466005B2B4C /* CurrentWeatherView.swift in Sources */ = {isa = PBXBuildFile; fileRef = 0376C0E622E86466005B2B4C /* CurrentWeatherView.swift */; };
		0376C0F222E86466005B2B4C /* WeatherHourlyViewController.swift in Sources */ = {isa = PBXBuildFile; fileRef = 0376C0E722E86466005B2B4C /* WeatherHourlyViewController.swift */; };
		0376C10522E86513005B2B4C /* Notification.swift in Sources */ = {isa = PBXBuildFile; fileRef = 0376C10422E86513005B2B4C /* Notification.swift */; };
		0376C10822E86565005B2B4C /* ClockView.swift in Sources */ = {isa = PBXBuildFile; fileRef = 0376C10622E86565005B2B4C /* ClockView.swift */; };
		0376C10922E86565005B2B4C /* ClockTimer.swift in Sources */ = {isa = PBXBuildFile; fileRef = 0376C10722E86565005B2B4C /* ClockTimer.swift */; };
		0376C11522E8659A005B2B4C /* RectMarker.swift in Sources */ = {isa = PBXBuildFile; fileRef = 0376C10C22E86599005B2B4C /* RectMarker.swift */; };
		0376C11622E8659A005B2B4C /* DateValueFormatter.swift in Sources */ = {isa = PBXBuildFile; fileRef = 0376C10D22E86599005B2B4C /* DateValueFormatter.swift */; };
		0376C11722E8659A005B2B4C /* XYMarkerView.swift in Sources */ = {isa = PBXBuildFile; fileRef = 0376C10E22E86599005B2B4C /* XYMarkerView.swift */; };
		0376C11822E8659A005B2B4C /* LargeValueFormatter.swift in Sources */ = {isa = PBXBuildFile; fileRef = 0376C10F22E86599005B2B4C /* LargeValueFormatter.swift */; };
		0376C11922E8659A005B2B4C /* RadarMarkerView.xib in Resources */ = {isa = PBXBuildFile; fileRef = 0376C11022E86599005B2B4C /* RadarMarkerView.xib */; };
		0376C11A22E8659A005B2B4C /* RadarMarkerView.swift in Sources */ = {isa = PBXBuildFile; fileRef = 0376C11122E86599005B2B4C /* RadarMarkerView.swift */; };
		0376C11B22E8659A005B2B4C /* BalloonMarker.swift in Sources */ = {isa = PBXBuildFile; fileRef = 0376C11222E8659A005B2B4C /* BalloonMarker.swift */; };
		0376C11C22E8659A005B2B4C /* DoubleAxisValueFormatter.swift in Sources */ = {isa = PBXBuildFile; fileRef = 0376C11322E8659A005B2B4C /* DoubleAxisValueFormatter.swift */; };
		0376C11D22E8659A005B2B4C /* DateFullValueFormatter.swift in Sources */ = {isa = PBXBuildFile; fileRef = 0376C11422E8659A005B2B4C /* DateFullValueFormatter.swift */; };
		0376C12322E8660A005B2B4C /* AutoCompleteTextField.swift in Sources */ = {isa = PBXBuildFile; fileRef = 0376C11F22E86609005B2B4C /* AutoCompleteTextField.swift */; };
		0376C12422E8660A005B2B4C /* city.list.json in Resources */ = {isa = PBXBuildFile; fileRef = 0376C12022E8660A005B2B4C /* city.list.json */; };
		0376C12522E8660A005B2B4C /* Cities.swift in Sources */ = {isa = PBXBuildFile; fileRef = 0376C12122E8660A005B2B4C /* Cities.swift */; };
		0376C12E22E86615005B2B4C /* PreferencesAdvancedViewController.xib in Resources */ = {isa = PBXBuildFile; fileRef = 0376C12722E86614005B2B4C /* PreferencesAdvancedViewController.xib */; };
		0376C12F22E86615005B2B4C /* SwiftyJSON.swift in Sources */ = {isa = PBXBuildFile; fileRef = 0376C12822E86614005B2B4C /* SwiftyJSON.swift */; };
		0376C13022E86615005B2B4C /* PreferencesGeneralViewController.xib in Resources */ = {isa = PBXBuildFile; fileRef = 0376C12922E86614005B2B4C /* PreferencesGeneralViewController.xib */; };
		0376C13122E86615005B2B4C /* PreferencesUnitViewController.xib in Resources */ = {isa = PBXBuildFile; fileRef = 0376C12A22E86615005B2B4C /* PreferencesUnitViewController.xib */; };
		0376C13222E86615005B2B4C /* PreferencesAdvancedViewController.swift in Sources */ = {isa = PBXBuildFile; fileRef = 0376C12B22E86615005B2B4C /* PreferencesAdvancedViewController.swift */; };
		0376C13322E86615005B2B4C /* PreferencesUnitViewController.swift in Sources */ = {isa = PBXBuildFile; fileRef = 0376C12C22E86615005B2B4C /* PreferencesUnitViewController.swift */; };
		0376C13422E86615005B2B4C /* PreferencesGeneralViewController.swift in Sources */ = {isa = PBXBuildFile; fileRef = 0376C12D22E86615005B2B4C /* PreferencesGeneralViewController.swift */; };
		0376C13922E8661F005B2B4C /* PreferencesTabViewController.swift in Sources */ = {isa = PBXBuildFile; fileRef = 0376C13522E8661F005B2B4C /* PreferencesTabViewController.swift */; };
		0376C13A22E8661F005B2B4C /* Preferenceable.swift in Sources */ = {isa = PBXBuildFile; fileRef = 0376C13622E8661F005B2B4C /* Preferenceable.swift */; };
		0376C13B22E8661F005B2B4C /* util.swift in Sources */ = {isa = PBXBuildFile; fileRef = 0376C13722E8661F005B2B4C /* util.swift */; };
		0376C13C22E8661F005B2B4C /* PreferencesWindowController.swift in Sources */ = {isa = PBXBuildFile; fileRef = 0376C13822E8661F005B2B4C /* PreferencesWindowController.swift */; };
		0376C14A22E8667C005B2B4C /* WeatherRequest.swift in Sources */ = {isa = PBXBuildFile; fileRef = 0376C13F22E8667B005B2B4C /* WeatherRequest.swift */; };
		0376C14B22E8667C005B2B4C /* HPOpenWeather.swift in Sources */ = {isa = PBXBuildFile; fileRef = 0376C14022E8667B005B2B4C /* HPOpenWeather.swift */; };
		0376C14C22E8667C005B2B4C /* DailyForecast.swift in Sources */ = {isa = PBXBuildFile; fileRef = 0376C14122E8667C005B2B4C /* DailyForecast.swift */; };
		0376C14D22E8667C005B2B4C /* Forecast.swift in Sources */ = {isa = PBXBuildFile; fileRef = 0376C14222E8667C005B2B4C /* Forecast.swift */; };
		0376C15022E8667C005B2B4C /* CurrentWeather.swift in Sources */ = {isa = PBXBuildFile; fileRef = 0376C14522E8667C005B2B4C /* CurrentWeather.swift */; };
		0376C15122E8667C005B2B4C /* Enums.swift in Sources */ = {isa = PBXBuildFile; fileRef = 0376C14622E8667C005B2B4C /* Enums.swift */; };
		0376C15222E8667C005B2B4C /* ApiError.swift in Sources */ = {isa = PBXBuildFile; fileRef = 0376C14722E8667C005B2B4C /* ApiError.swift */; };
		0376C15322E8667C005B2B4C /* HourlyForecast.swift in Sources */ = {isa = PBXBuildFile; fileRef = 0376C14822E8667C005B2B4C /* HourlyForecast.swift */; };
		0376C15422E8667C005B2B4C /* WeatherSnapshot.swift in Sources */ = {isa = PBXBuildFile; fileRef = 0376C14922E8667C005B2B4C /* WeatherSnapshot.swift */; };
		0376C18322E86749005B2B4C /* MainWindowController.xib in Resources */ = {isa = PBXBuildFile; fileRef = 0376C18522E86749005B2B4C /* MainWindowController.xib */; };
		03ADBD4322F1582D002AFD3D /* CurrentWeatherViewController.xib in Resources */ = {isa = PBXBuildFile; fileRef = 03ADBD4522F1582D002AFD3D /* CurrentWeatherViewController.xib */; };
		03ADBD5022F18407002AFD3D /* City.swift in Sources */ = {isa = PBXBuildFile; fileRef = 03ADBD4F22F18406002AFD3D /* City.swift */; };
		03ADBD5222F18479002AFD3D /* CLLocationCoordinate+Codable.swift in Sources */ = {isa = PBXBuildFile; fileRef = 03ADBD5122F18479002AFD3D /* CLLocationCoordinate+Codable.swift */; };
		03ADBD5422F184FC002AFD3D /* System.swift in Sources */ = {isa = PBXBuildFile; fileRef = 03ADBD5322F184FC002AFD3D /* System.swift */; };
		03ADBD5622F18524002AFD3D /* Sun.swift in Sources */ = {isa = PBXBuildFile; fileRef = 03ADBD5522F18524002AFD3D /* Sun.swift */; };
		03ADBD5822F1853F002AFD3D /* MainInformation.swift in Sources */ = {isa = PBXBuildFile; fileRef = 03ADBD5722F1853F002AFD3D /* MainInformation.swift */; };
		03ADBD5A22F18558002AFD3D /* Wind.swift in Sources */ = {isa = PBXBuildFile; fileRef = 03ADBD5922F18558002AFD3D /* Wind.swift */; };
		03ADBD5C22F18788002AFD3D /* Clouds.swift in Sources */ = {isa = PBXBuildFile; fileRef = 03ADBD5B22F18788002AFD3D /* Clouds.swift */; };
		03ADBD5E22F187AB002AFD3D /* WeatherCondition.swift in Sources */ = {isa = PBXBuildFile; fileRef = 03ADBD5D22F187AB002AFD3D /* WeatherCondition.swift */; };
		03ADBD6022F187C9002AFD3D /* Precipitation.swift in Sources */ = {isa = PBXBuildFile; fileRef = 03ADBD5F22F187C9002AFD3D /* Precipitation.swift */; };
		03CF20A92927DCE4006C93CD /* Charts in Frameworks */ = {isa = PBXBuildFile; productRef = 03CF20A82927DCE4006C93CD /* Charts */; };
		03FCBCAB230C1ACA00CB357A /* Preferences.swift in Sources */ = {isa = PBXBuildFile; fileRef = 03FCBCA7230C1AC900CB357A /* Preferences.swift */; };
		03FCBCAC230C1ACA00CB357A /* PreferenceKey.swift in Sources */ = {isa = PBXBuildFile; fileRef = 03FCBCAA230C1AC900CB357A /* PreferenceKey.swift */; };
/* End PBXBuildFile section */

/* Begin PBXContainerItemProxy section */
		0376C0AB22E862FF005B2B4C /* PBXContainerItemProxy */ = {
			isa = PBXContainerItemProxy;
			containerPortal = 0376C09222E862FD005B2B4C /* Project object */;
			proxyType = 1;
			remoteGlobalIDString = 0376C09922E862FD005B2B4C;
			remoteInfo = meteoGraph;
		};
		0376C0B622E862FF005B2B4C /* PBXContainerItemProxy */ = {
			isa = PBXContainerItemProxy;
			containerPortal = 0376C09222E862FD005B2B4C /* Project object */;
			proxyType = 1;
			remoteGlobalIDString = 0376C09922E862FD005B2B4C;
			remoteInfo = meteoGraph;
		};
/* End PBXContainerItemProxy section */

/* Begin PBXCopyFilesBuildPhase section */
		0376C10322E864D1005B2B4C /* Embed Frameworks */ = {
			isa = PBXCopyFilesBuildPhase;
			buildActionMask = 2147483647;
			dstPath = "";
			dstSubfolderSpec = 10;
			files = (
			);
			name = "Embed Frameworks";
			runOnlyForDeploymentPostprocessing = 0;
		};
/* End PBXCopyFilesBuildPhase section */

/* Begin PBXFileReference section */
		031AF05C22EB83CA008040C1 /* README.md */ = {isa = PBXFileReference; fileEncoding = 4; lastKnownFileType = net.daringfireball.markdown; path = README.md; sourceTree = "<group>"; };
		0351459F230F1F5D00A7A1AF /* Base */ = {isa = PBXFileReference; lastKnownFileType = file.xib; name = Base; path = Base.lproj/ForecastDailyBarViewController.xib; sourceTree = "<group>"; };
		035BF26422F0C6A0003DA149 /* FlickrProvider.swift */ = {isa = PBXFileReference; lastKnownFileType = sourcecode.swift; path = FlickrProvider.swift; sourceTree = "<group>"; };
		035BF26822F0CB33003DA149 /* FlickrData.swift */ = {isa = PBXFileReference; lastKnownFileType = sourcecode.swift; path = FlickrData.swift; sourceTree = "<group>"; };
		0372AA7122EDAD40004EFFCA /* city.default.json */ = {isa = PBXFileReference; lastKnownFileType = text.json; path = city.default.json; sourceTree = "<group>"; };
		0376C09A22E862FD005B2B4C /* meteoGraph.app */ = {isa = PBXFileReference; explicitFileType = wrapper.application; includeInIndex = 0; path = meteoGraph.app; sourceTree = BUILT_PRODUCTS_DIR; };
		0376C09D22E862FD005B2B4C /* AppDelegate.swift */ = {isa = PBXFileReference; lastKnownFileType = sourcecode.swift; path = AppDelegate.swift; sourceTree = "<group>"; };
		0376C09F22E862FF005B2B4C /* Assets.xcassets */ = {isa = PBXFileReference; lastKnownFileType = folder.assetcatalog; path = Assets.xcassets; sourceTree = "<group>"; };
		0376C0A222E862FF005B2B4C /* Base */ = {isa = PBXFileReference; lastKnownFileType = file.xib; name = Base; path = Base.lproj/MainMenu.xib; sourceTree = "<group>"; };
		0376C0A422E862FF005B2B4C /* Info.plist */ = {isa = PBXFileReference; lastKnownFileType = text.plist.xml; path = Info.plist; sourceTree = "<group>"; };
		0376C0A522E862FF005B2B4C /* meteoGraph.entitlements */ = {isa = PBXFileReference; lastKnownFileType = text.plist.entitlements; path = meteoGraph.entitlements; sourceTree = "<group>"; };
		0376C0AA22E862FF005B2B4C /* meteoGraphTests.xctest */ = {isa = PBXFileReference; explicitFileType = wrapper.cfbundle; includeInIndex = 0; path = meteoGraphTests.xctest; sourceTree = BUILT_PRODUCTS_DIR; };
		0376C0AE22E862FF005B2B4C /* meteoGraphTests.swift */ = {isa = PBXFileReference; lastKnownFileType = sourcecode.swift; path = meteoGraphTests.swift; sourceTree = "<group>"; };
		0376C0B022E862FF005B2B4C /* Info.plist */ = {isa = PBXFileReference; lastKnownFileType = text.plist.xml; path = Info.plist; sourceTree = "<group>"; };
		0376C0B522E862FF005B2B4C /* meteoGraphUITests.xctest */ = {isa = PBXFileReference; explicitFileType = wrapper.cfbundle; includeInIndex = 0; path = meteoGraphUITests.xctest; sourceTree = BUILT_PRODUCTS_DIR; };
		0376C0B922E862FF005B2B4C /* meteoGraphUITests.swift */ = {isa = PBXFileReference; lastKnownFileType = sourcecode.swift; path = meteoGraphUITests.swift; sourceTree = "<group>"; };
		0376C0BB22E862FF005B2B4C /* Info.plist */ = {isa = PBXFileReference; lastKnownFileType = text.plist.xml; path = Info.plist; sourceTree = "<group>"; };
		0376C0C722E863F6005B2B4C /* MainWindowController.swift */ = {isa = PBXFileReference; fileEncoding = 4; lastKnownFileType = sourcecode.swift; path = MainWindowController.swift; sourceTree = "<group>"; };
		0376C0CC22E86429005B2B4C /* THSideBarDragDrop.swift */ = {isa = PBXFileReference; fileEncoding = 4; lastKnownFileType = sourcecode.swift; path = THSideBarDragDrop.swift; sourceTree = "<group>"; };
		0376C0CD22E86429005B2B4C /* THSidebarTableCellView.swift */ = {isa = PBXFileReference; fileEncoding = 4; lastKnownFileType = sourcecode.swift; path = THSidebarTableCellView.swift; sourceTree = "<group>"; };
		0376C0CE22E86429005B2B4C /* THSideBarViewController.swift */ = {isa = PBXFileReference; fileEncoding = 4; lastKnownFileType = sourcecode.swift; path = THSideBarViewController.swift; sourceTree = "<group>"; };
		0376C0CF22E86429005B2B4C /* THSideBarData.swift */ = {isa = PBXFileReference; fileEncoding = 4; lastKnownFileType = sourcecode.swift; path = THSideBarData.swift; sourceTree = "<group>"; };
		0376C0D022E86429005B2B4C /* THTextFieldDelegate.swift */ = {isa = PBXFileReference; fileEncoding = 4; lastKnownFileType = sourcecode.swift; path = THTextFieldDelegate.swift; sourceTree = "<group>"; };
		0376C0D122E86429005B2B4C /* THSideBarDelegate.swift */ = {isa = PBXFileReference; fileEncoding = 4; lastKnownFileType = sourcecode.swift; path = THSideBarDelegate.swift; sourceTree = "<group>"; };
		0376C0D222E86429005B2B4C /* THSideBarDataSource.swift */ = {isa = PBXFileReference; fileEncoding = 4; lastKnownFileType = sourcecode.swift; path = THSideBarDataSource.swift; sourceTree = "<group>"; };
		0376C0D322E8642A005B2B4C /* THSideBarViewController.xib */ = {isa = PBXFileReference; fileEncoding = 4; lastKnownFileType = file.xib; path = THSideBarViewController.xib; sourceTree = "<group>"; };
		0376C0DD22E86465005B2B4C /* ForecastDailyBarViewController.swift */ = {isa = PBXFileReference; fileEncoding = 4; lastKnownFileType = sourcecode.swift; path = ForecastDailyBarViewController.swift; sourceTree = "<group>"; };
		0376C0DF22E86466005B2B4C /* TemperatureDaylyViewController.xib */ = {isa = PBXFileReference; fileEncoding = 4; lastKnownFileType = file.xib; path = TemperatureDaylyViewController.xib; sourceTree = "<group>"; };
		0376C0E122E86466005B2B4C /* ForecastDailyViewController.xib */ = {isa = PBXFileReference; fileEncoding = 4; lastKnownFileType = file.xib; path = ForecastDailyViewController.xib; sourceTree = "<group>"; };
		0376C0E222E86466005B2B4C /* ForecastDailyViewController.swift */ = {isa = PBXFileReference; fileEncoding = 4; lastKnownFileType = sourcecode.swift; path = ForecastDailyViewController.swift; sourceTree = "<group>"; };
		0376C0E322E86466005B2B4C /* WeatherHourlyViewController.xib */ = {isa = PBXFileReference; fileEncoding = 4; lastKnownFileType = file.xib; path = WeatherHourlyViewController.xib; sourceTree = "<group>"; };
		0376C0E422E86466005B2B4C /* TemperatureDaylyViewController.swift */ = {isa = PBXFileReference; fileEncoding = 4; lastKnownFileType = sourcecode.swift; path = TemperatureDaylyViewController.swift; sourceTree = "<group>"; };
		0376C0E522E86466005B2B4C /* CurrentWeatherViewController.swift */ = {isa = PBXFileReference; fileEncoding = 4; lastKnownFileType = sourcecode.swift; path = CurrentWeatherViewController.swift; sourceTree = "<group>"; };
		0376C0E622E86466005B2B4C /* CurrentWeatherView.swift */ = {isa = PBXFileReference; fileEncoding = 4; lastKnownFileType = sourcecode.swift; path = CurrentWeatherView.swift; sourceTree = "<group>"; };
		0376C0E722E86466005B2B4C /* WeatherHourlyViewController.swift */ = {isa = PBXFileReference; fileEncoding = 4; lastKnownFileType = sourcecode.swift; path = WeatherHourlyViewController.swift; sourceTree = "<group>"; };
		0376C10422E86513005B2B4C /* Notification.swift */ = {isa = PBXFileReference; fileEncoding = 4; lastKnownFileType = sourcecode.swift; path = Notification.swift; sourceTree = "<group>"; };
		0376C10622E86565005B2B4C /* ClockView.swift */ = {isa = PBXFileReference; fileEncoding = 4; lastKnownFileType = sourcecode.swift; path = ClockView.swift; sourceTree = "<group>"; };
		0376C10722E86565005B2B4C /* ClockTimer.swift */ = {isa = PBXFileReference; fileEncoding = 4; lastKnownFileType = sourcecode.swift; path = ClockTimer.swift; sourceTree = "<group>"; };
		0376C10C22E86599005B2B4C /* RectMarker.swift */ = {isa = PBXFileReference; fileEncoding = 4; lastKnownFileType = sourcecode.swift; path = RectMarker.swift; sourceTree = "<group>"; };
		0376C10D22E86599005B2B4C /* DateValueFormatter.swift */ = {isa = PBXFileReference; fileEncoding = 4; lastKnownFileType = sourcecode.swift; path = DateValueFormatter.swift; sourceTree = "<group>"; };
		0376C10E22E86599005B2B4C /* XYMarkerView.swift */ = {isa = PBXFileReference; fileEncoding = 4; lastKnownFileType = sourcecode.swift; path = XYMarkerView.swift; sourceTree = "<group>"; };
		0376C10F22E86599005B2B4C /* LargeValueFormatter.swift */ = {isa = PBXFileReference; fileEncoding = 4; lastKnownFileType = sourcecode.swift; path = LargeValueFormatter.swift; sourceTree = "<group>"; };
		0376C11022E86599005B2B4C /* RadarMarkerView.xib */ = {isa = PBXFileReference; fileEncoding = 4; lastKnownFileType = file.xib; path = RadarMarkerView.xib; sourceTree = "<group>"; };
		0376C11122E86599005B2B4C /* RadarMarkerView.swift */ = {isa = PBXFileReference; fileEncoding = 4; lastKnownFileType = sourcecode.swift; path = RadarMarkerView.swift; sourceTree = "<group>"; };
		0376C11222E8659A005B2B4C /* BalloonMarker.swift */ = {isa = PBXFileReference; fileEncoding = 4; lastKnownFileType = sourcecode.swift; path = BalloonMarker.swift; sourceTree = "<group>"; };
		0376C11322E8659A005B2B4C /* DoubleAxisValueFormatter.swift */ = {isa = PBXFileReference; fileEncoding = 4; lastKnownFileType = sourcecode.swift; path = DoubleAxisValueFormatter.swift; sourceTree = "<group>"; };
		0376C11422E8659A005B2B4C /* DateFullValueFormatter.swift */ = {isa = PBXFileReference; fileEncoding = 4; lastKnownFileType = sourcecode.swift; path = DateFullValueFormatter.swift; sourceTree = "<group>"; };
		0376C11F22E86609005B2B4C /* AutoCompleteTextField.swift */ = {isa = PBXFileReference; fileEncoding = 4; lastKnownFileType = sourcecode.swift; path = AutoCompleteTextField.swift; sourceTree = "<group>"; };
		0376C12022E8660A005B2B4C /* city.list.json */ = {isa = PBXFileReference; fileEncoding = 4; lastKnownFileType = text.json; path = city.list.json; sourceTree = "<group>"; };
		0376C12122E8660A005B2B4C /* Cities.swift */ = {isa = PBXFileReference; fileEncoding = 4; lastKnownFileType = sourcecode.swift; path = Cities.swift; sourceTree = "<group>"; };
		0376C12722E86614005B2B4C /* PreferencesAdvancedViewController.xib */ = {isa = PBXFileReference; fileEncoding = 4; lastKnownFileType = file.xib; path = PreferencesAdvancedViewController.xib; sourceTree = "<group>"; };
		0376C12822E86614005B2B4C /* SwiftyJSON.swift */ = {isa = PBXFileReference; fileEncoding = 4; lastKnownFileType = sourcecode.swift; path = SwiftyJSON.swift; sourceTree = "<group>"; };
		0376C12922E86614005B2B4C /* PreferencesGeneralViewController.xib */ = {isa = PBXFileReference; fileEncoding = 4; lastKnownFileType = file.xib; path = PreferencesGeneralViewController.xib; sourceTree = "<group>"; };
		0376C12A22E86615005B2B4C /* PreferencesUnitViewController.xib */ = {isa = PBXFileReference; fileEncoding = 4; lastKnownFileType = file.xib; path = PreferencesUnitViewController.xib; sourceTree = "<group>"; };
		0376C12B22E86615005B2B4C /* PreferencesAdvancedViewController.swift */ = {isa = PBXFileReference; fileEncoding = 4; lastKnownFileType = sourcecode.swift; path = PreferencesAdvancedViewController.swift; sourceTree = "<group>"; };
		0376C12C22E86615005B2B4C /* PreferencesUnitViewController.swift */ = {isa = PBXFileReference; fileEncoding = 4; lastKnownFileType = sourcecode.swift; path = PreferencesUnitViewController.swift; sourceTree = "<group>"; };
		0376C12D22E86615005B2B4C /* PreferencesGeneralViewController.swift */ = {isa = PBXFileReference; fileEncoding = 4; lastKnownFileType = sourcecode.swift; path = PreferencesGeneralViewController.swift; sourceTree = "<group>"; };
		0376C13522E8661F005B2B4C /* PreferencesTabViewController.swift */ = {isa = PBXFileReference; fileEncoding = 4; lastKnownFileType = sourcecode.swift; path = PreferencesTabViewController.swift; sourceTree = "<group>"; };
		0376C13622E8661F005B2B4C /* Preferenceable.swift */ = {isa = PBXFileReference; fileEncoding = 4; lastKnownFileType = sourcecode.swift; path = Preferenceable.swift; sourceTree = "<group>"; };
		0376C13722E8661F005B2B4C /* util.swift */ = {isa = PBXFileReference; fileEncoding = 4; lastKnownFileType = sourcecode.swift; path = util.swift; sourceTree = "<group>"; };
		0376C13822E8661F005B2B4C /* PreferencesWindowController.swift */ = {isa = PBXFileReference; fileEncoding = 4; lastKnownFileType = sourcecode.swift; path = PreferencesWindowController.swift; sourceTree = "<group>"; };
		0376C13F22E8667B005B2B4C /* WeatherRequest.swift */ = {isa = PBXFileReference; fileEncoding = 4; lastKnownFileType = sourcecode.swift; path = WeatherRequest.swift; sourceTree = "<group>"; };
		0376C14022E8667B005B2B4C /* HPOpenWeather.swift */ = {isa = PBXFileReference; fileEncoding = 4; lastKnownFileType = sourcecode.swift; path = HPOpenWeather.swift; sourceTree = "<group>"; };
		0376C14122E8667C005B2B4C /* DailyForecast.swift */ = {isa = PBXFileReference; fileEncoding = 4; lastKnownFileType = sourcecode.swift; path = DailyForecast.swift; sourceTree = "<group>"; };
		0376C14222E8667C005B2B4C /* Forecast.swift */ = {isa = PBXFileReference; fileEncoding = 4; lastKnownFileType = sourcecode.swift; path = Forecast.swift; sourceTree = "<group>"; };
		0376C14522E8667C005B2B4C /* CurrentWeather.swift */ = {isa = PBXFileReference; fileEncoding = 4; lastKnownFileType = sourcecode.swift; path = CurrentWeather.swift; sourceTree = "<group>"; };
		0376C14622E8667C005B2B4C /* Enums.swift */ = {isa = PBXFileReference; fileEncoding = 4; lastKnownFileType = sourcecode.swift; path = Enums.swift; sourceTree = "<group>"; };
		0376C14722E8667C005B2B4C /* ApiError.swift */ = {isa = PBXFileReference; fileEncoding = 4; lastKnownFileType = sourcecode.swift; path = ApiError.swift; sourceTree = "<group>"; };
		0376C14822E8667C005B2B4C /* HourlyForecast.swift */ = {isa = PBXFileReference; fileEncoding = 4; lastKnownFileType = sourcecode.swift; path = HourlyForecast.swift; sourceTree = "<group>"; };
		0376C14922E8667C005B2B4C /* WeatherSnapshot.swift */ = {isa = PBXFileReference; fileEncoding = 4; lastKnownFileType = sourcecode.swift; path = WeatherSnapshot.swift; sourceTree = "<group>"; };
		0376C18222E8673C005B2B4C /* fr */ = {isa = PBXFileReference; lastKnownFileType = text.plist.strings; name = fr; path = fr.lproj/MainMenu.strings; sourceTree = "<group>"; };
		0376C18422E86749005B2B4C /* Base */ = {isa = PBXFileReference; lastKnownFileType = file.xib; name = Base; path = Base.lproj/MainWindowController.xib; sourceTree = "<group>"; };
		0376C18722E86750005B2B4C /* fr */ = {isa = PBXFileReference; lastKnownFileType = text.plist.strings; name = fr; path = fr.lproj/MainWindowController.strings; sourceTree = "<group>"; };
		0376C18922E86751005B2B4C /* en */ = {isa = PBXFileReference; lastKnownFileType = text.plist.strings; name = en; path = en.lproj/MainWindowController.strings; sourceTree = "<group>"; };
		0376C18B22E8675B005B2B4C /* en */ = {isa = PBXFileReference; lastKnownFileType = text.plist.strings; name = en; path = en.lproj/MainMenu.strings; sourceTree = "<group>"; };
		03ADBD4422F1582D002AFD3D /* Base */ = {isa = PBXFileReference; lastKnownFileType = file.xib; name = Base; path = Base.lproj/CurrentWeatherViewController.xib; sourceTree = "<group>"; };
		03ADBD4922F15836002AFD3D /* en */ = {isa = PBXFileReference; lastKnownFileType = text.plist.strings; name = en; path = en.lproj/CurrentWeatherViewController.strings; sourceTree = "<group>"; };
		03ADBD4B22F15838002AFD3D /* fr */ = {isa = PBXFileReference; lastKnownFileType = text.plist.strings; name = fr; path = fr.lproj/CurrentWeatherViewController.strings; sourceTree = "<group>"; };
		03ADBD4F22F18406002AFD3D /* City.swift */ = {isa = PBXFileReference; fileEncoding = 4; lastKnownFileType = sourcecode.swift; path = City.swift; sourceTree = "<group>"; };
		03ADBD5122F18479002AFD3D /* CLLocationCoordinate+Codable.swift */ = {isa = PBXFileReference; fileEncoding = 4; lastKnownFileType = sourcecode.swift; path = "CLLocationCoordinate+Codable.swift"; sourceTree = "<group>"; };
		03ADBD5322F184FC002AFD3D /* System.swift */ = {isa = PBXFileReference; fileEncoding = 4; lastKnownFileType = sourcecode.swift; path = System.swift; sourceTree = "<group>"; };
		03ADBD5522F18524002AFD3D /* Sun.swift */ = {isa = PBXFileReference; fileEncoding = 4; lastKnownFileType = sourcecode.swift; path = Sun.swift; sourceTree = "<group>"; };
		03ADBD5722F1853F002AFD3D /* MainInformation.swift */ = {isa = PBXFileReference; fileEncoding = 4; lastKnownFileType = sourcecode.swift; path = MainInformation.swift; sourceTree = "<group>"; };
		03ADBD5922F18558002AFD3D /* Wind.swift */ = {isa = PBXFileReference; fileEncoding = 4; lastKnownFileType = sourcecode.swift; path = Wind.swift; sourceTree = "<group>"; };
		03ADBD5B22F18788002AFD3D /* Clouds.swift */ = {isa = PBXFileReference; fileEncoding = 4; lastKnownFileType = sourcecode.swift; path = Clouds.swift; sourceTree = "<group>"; };
		03ADBD5D22F187AB002AFD3D /* WeatherCondition.swift */ = {isa = PBXFileReference; fileEncoding = 4; lastKnownFileType = sourcecode.swift; path = WeatherCondition.swift; sourceTree = "<group>"; };
		03ADBD5F22F187C9002AFD3D /* Precipitation.swift */ = {isa = PBXFileReference; fileEncoding = 4; lastKnownFileType = sourcecode.swift; path = Precipitation.swift; sourceTree = "<group>"; };
		03FCBCA7230C1AC900CB357A /* Preferences.swift */ = {isa = PBXFileReference; fileEncoding = 4; lastKnownFileType = sourcecode.swift; path = Preferences.swift; sourceTree = "<group>"; };
		03FCBCAA230C1AC900CB357A /* PreferenceKey.swift */ = {isa = PBXFileReference; fileEncoding = 4; lastKnownFileType = sourcecode.swift; path = PreferenceKey.swift; sourceTree = "<group>"; };
/* End PBXFileReference section */

/* Begin PBXFrameworksBuildPhase section */
		0376C09722E862FD005B2B4C /* Frameworks */ = {
			isa = PBXFrameworksBuildPhase;
			buildActionMask = 2147483647;
			files = (
				03CF20A92927DCE4006C93CD /* Charts in Frameworks */,
			);
			runOnlyForDeploymentPostprocessing = 0;
		};
		0376C0A722E862FF005B2B4C /* Frameworks */ = {
			isa = PBXFrameworksBuildPhase;
			buildActionMask = 2147483647;
			files = (
			);
			runOnlyForDeploymentPostprocessing = 0;
		};
		0376C0B222E862FF005B2B4C /* Frameworks */ = {
			isa = PBXFrameworksBuildPhase;
			buildActionMask = 2147483647;
			files = (
			);
			runOnlyForDeploymentPostprocessing = 0;
		};
/* End PBXFrameworksBuildPhase section */

/* Begin PBXGroup section */
		031AF05922EB8392008040C1 /* Doc */ = {
			isa = PBXGroup;
			children = (
			);
			path = Doc;
			sourceTree = "<group>";
		};
		0376C09122E862FD005B2B4C = {
			isa = PBXGroup;
			children = (
				031AF05C22EB83CA008040C1 /* README.md */,
				031AF05922EB8392008040C1 /* Doc */,
				0376C09C22E862FD005B2B4C /* meteoGraph */,
				0376C0AD22E862FF005B2B4C /* meteoGraphTests */,
				0376C0B822E862FF005B2B4C /* meteoGraphUITests */,
				0376C09B22E862FD005B2B4C /* Products */,
				0376C0FE22E864D1005B2B4C /* Frameworks */,
			);
			sourceTree = "<group>";
		};
		0376C09B22E862FD005B2B4C /* Products */ = {
			isa = PBXGroup;
			children = (
				0376C09A22E862FD005B2B4C /* meteoGraph.app */,
				0376C0AA22E862FF005B2B4C /* meteoGraphTests.xctest */,
				0376C0B522E862FF005B2B4C /* meteoGraphUITests.xctest */,
			);
			name = Products;
			sourceTree = "<group>";
		};
		0376C09C22E862FD005B2B4C /* meteoGraph */ = {
			isa = PBXGroup;
			children = (
				0376C0A122E862FF005B2B4C /* MainMenu.xib */,
				0376C0A422E862FF005B2B4C /* Info.plist */,
				0376C0A522E862FF005B2B4C /* meteoGraph.entitlements */,
				0376C10422E86513005B2B4C /* Notification.swift */,
				0376C0C722E863F6005B2B4C /* MainWindowController.swift */,
				0376C18522E86749005B2B4C /* MainWindowController.xib */,
				0376C09D22E862FD005B2B4C /* AppDelegate.swift */,
				0376C09F22E862FF005B2B4C /* Assets.xcassets */,
				0376C0DC22E8644E005B2B4C /* Controller */,
				0376C10B22E8658C005B2B4C /* Formatters */,
				0376C13E22E86661005B2B4C /* HPOpenWeather */,
				0376C11E22E865EE005B2B4C /* Preferences */,
				0376C0CB22E86414005B2B4C /* SideBar */,
			);
			path = meteoGraph;
			sourceTree = "<group>";
		};
		0376C0AD22E862FF005B2B4C /* meteoGraphTests */ = {
			isa = PBXGroup;
			children = (
				0376C0AE22E862FF005B2B4C /* meteoGraphTests.swift */,
				0376C0B022E862FF005B2B4C /* Info.plist */,
			);
			path = meteoGraphTests;
			sourceTree = "<group>";
		};
		0376C0B822E862FF005B2B4C /* meteoGraphUITests */ = {
			isa = PBXGroup;
			children = (
				0376C0B922E862FF005B2B4C /* meteoGraphUITests.swift */,
				0376C0BB22E862FF005B2B4C /* Info.plist */,
			);
			path = meteoGraphUITests;
			sourceTree = "<group>";
		};
		0376C0CB22E86414005B2B4C /* SideBar */ = {
			isa = PBXGroup;
			children = (
				0376C0CF22E86429005B2B4C /* THSideBarData.swift */,
				0376C0D222E86429005B2B4C /* THSideBarDataSource.swift */,
				0376C0D122E86429005B2B4C /* THSideBarDelegate.swift */,
				0376C0CC22E86429005B2B4C /* THSideBarDragDrop.swift */,
				0376C0CD22E86429005B2B4C /* THSidebarTableCellView.swift */,
				0376C0CE22E86429005B2B4C /* THSideBarViewController.swift */,
				0376C0D322E8642A005B2B4C /* THSideBarViewController.xib */,
				0376C0D022E86429005B2B4C /* THTextFieldDelegate.swift */,
			);
			path = SideBar;
			sourceTree = "<group>";
		};
		0376C0DC22E8644E005B2B4C /* Controller */ = {
			isa = PBXGroup;
			children = (
				0376C10A22E8656D005B2B4C /* Util */,
				0376C0E622E86466005B2B4C /* CurrentWeatherView.swift */,
				0376C0E522E86466005B2B4C /* CurrentWeatherViewController.swift */,
				03ADBD4522F1582D002AFD3D /* CurrentWeatherViewController.xib */,
				0376C0DD22E86465005B2B4C /* ForecastDailyBarViewController.swift */,
				035145A0230F1F5D00A7A1AF /* ForecastDailyBarViewController.xib */,
				0376C0E222E86466005B2B4C /* ForecastDailyViewController.swift */,
				0376C0E122E86466005B2B4C /* ForecastDailyViewController.xib */,
				0376C0E422E86466005B2B4C /* TemperatureDaylyViewController.swift */,
				0376C0DF22E86466005B2B4C /* TemperatureDaylyViewController.xib */,
				0376C0E722E86466005B2B4C /* WeatherHourlyViewController.swift */,
				0376C0E322E86466005B2B4C /* WeatherHourlyViewController.xib */,
			);
			path = Controller;
			sourceTree = "<group>";
		};
		0376C0FE22E864D1005B2B4C /* Frameworks */ = {
			isa = PBXGroup;
			children = (
			);
			name = Frameworks;
			sourceTree = "<group>";
		};
		0376C10A22E8656D005B2B4C /* Util */ = {
			isa = PBXGroup;
			children = (
				0376C10722E86565005B2B4C /* ClockTimer.swift */,
				0376C10622E86565005B2B4C /* ClockView.swift */,
				035BF26822F0CB33003DA149 /* FlickrData.swift */,
				035BF26422F0C6A0003DA149 /* FlickrProvider.swift */,
			);
			path = Util;
			sourceTree = "<group>";
		};
		0376C10B22E8658C005B2B4C /* Formatters */ = {
			isa = PBXGroup;
			children = (
				0376C11222E8659A005B2B4C /* BalloonMarker.swift */,
				0376C11422E8659A005B2B4C /* DateFullValueFormatter.swift */,
				0376C10D22E86599005B2B4C /* DateValueFormatter.swift */,
				0376C11322E8659A005B2B4C /* DoubleAxisValueFormatter.swift */,
				0376C10F22E86599005B2B4C /* LargeValueFormatter.swift */,
				0376C11122E86599005B2B4C /* RadarMarkerView.swift */,
				0376C11022E86599005B2B4C /* RadarMarkerView.xib */,
				0376C10C22E86599005B2B4C /* RectMarker.swift */,
				0376C10E22E86599005B2B4C /* XYMarkerView.swift */,
			);
			path = Formatters;
			sourceTree = "<group>";
		};
		0376C11E22E865EE005B2B4C /* Preferences */ = {
			isa = PBXGroup;
			children = (
				03FCBCAA230C1AC900CB357A /* PreferenceKey.swift */,
				03FCBCA7230C1AC900CB357A /* Preferences.swift */,
				0376C18C22E8906C005B2B4C /* Data */,
				0376C13D22E8662C005B2B4C /* Preferenceable */,
				0376C12B22E86615005B2B4C /* PreferencesAdvancedViewController.swift */,
				0376C12722E86614005B2B4C /* PreferencesAdvancedViewController.xib */,
				0376C12D22E86615005B2B4C /* PreferencesGeneralViewController.swift */,
				0376C12922E86614005B2B4C /* PreferencesGeneralViewController.xib */,
				0376C12C22E86615005B2B4C /* PreferencesUnitViewController.swift */,
				0376C12A22E86615005B2B4C /* PreferencesUnitViewController.xib */,
				0376C12822E86614005B2B4C /* SwiftyJSON.swift */,
			);
			path = Preferences;
			sourceTree = "<group>";
		};
		0376C13D22E8662C005B2B4C /* Preferenceable */ = {
			isa = PBXGroup;
			children = (
				0376C13622E8661F005B2B4C /* Preferenceable.swift */,
				0376C13522E8661F005B2B4C /* PreferencesTabViewController.swift */,
				0376C13822E8661F005B2B4C /* PreferencesWindowController.swift */,
				0376C13722E8661F005B2B4C /* util.swift */,
			);
			path = Preferenceable;
			sourceTree = "<group>";
		};
		0376C13E22E86661005B2B4C /* HPOpenWeather */ = {
			isa = PBXGroup;
			children = (
				03ADBD4E22F183EB002AFD3D /* Data Types */,
				0376C14722E8667C005B2B4C /* ApiError.swift */,
				0376C14522E8667C005B2B4C /* CurrentWeather.swift */,
				0376C14122E8667C005B2B4C /* DailyForecast.swift */,
				0376C14622E8667C005B2B4C /* Enums.swift */,
				0376C14222E8667C005B2B4C /* Forecast.swift */,
				0376C14822E8667C005B2B4C /* HourlyForecast.swift */,
				0376C14022E8667B005B2B4C /* HPOpenWeather.swift */,
				0376C13F22E8667B005B2B4C /* WeatherRequest.swift */,
				0376C14922E8667C005B2B4C /* WeatherSnapshot.swift */,
			);
			path = HPOpenWeather;
			sourceTree = "<group>";
		};
		0376C18C22E8906C005B2B4C /* Data */ = {
			isa = PBXGroup;
			children = (
				0376C11F22E86609005B2B4C /* AutoCompleteTextField.swift */,
				0376C12122E8660A005B2B4C /* Cities.swift */,
				0376C12022E8660A005B2B4C /* city.list.json */,
				0372AA7122EDAD40004EFFCA /* city.default.json */,
			);
			path = Data;
			sourceTree = "<group>";
		};
		03ADBD4E22F183EB002AFD3D /* Data Types */ = {
			isa = PBXGroup;
			children = (
				03ADBD5D22F187AB002AFD3D /* WeatherCondition.swift */,
				03ADBD5B22F18788002AFD3D /* Clouds.swift */,
				03ADBD5F22F187C9002AFD3D /* Precipitation.swift */,
				03ADBD4F22F18406002AFD3D /* City.swift */,
				03ADBD5122F18479002AFD3D /* CLLocationCoordinate+Codable.swift */,
				03ADBD5722F1853F002AFD3D /* MainInformation.swift */,
				03ADBD5522F18524002AFD3D /* Sun.swift */,
				03ADBD5322F184FC002AFD3D /* System.swift */,
				03ADBD5922F18558002AFD3D /* Wind.swift */,
			);
			path = "Data Types";
			sourceTree = "<group>";
		};
/* End PBXGroup section */

/* Begin PBXNativeTarget section */
		0376C09922E862FD005B2B4C /* meteoGraph */ = {
			isa = PBXNativeTarget;
			buildConfigurationList = 0376C0BE22E862FF005B2B4C /* Build configuration list for PBXNativeTarget "meteoGraph" */;
			buildPhases = (
				0376C09622E862FD005B2B4C /* Sources */,
				0376C09722E862FD005B2B4C /* Frameworks */,
				0376C09822E862FD005B2B4C /* Resources */,
				0376C10322E864D1005B2B4C /* Embed Frameworks */,
			);
			buildRules = (
			);
			dependencies = (
			);
			name = meteoGraph;
			packageProductDependencies = (
				03CF20A82927DCE4006C93CD /* Charts */,
			);
			productName = meteoGraph;
			productReference = 0376C09A22E862FD005B2B4C /* meteoGraph.app */;
			productType = "com.apple.product-type.application";
		};
		0376C0A922E862FF005B2B4C /* meteoGraphTests */ = {
			isa = PBXNativeTarget;
			buildConfigurationList = 0376C0C122E862FF005B2B4C /* Build configuration list for PBXNativeTarget "meteoGraphTests" */;
			buildPhases = (
				0376C0A622E862FF005B2B4C /* Sources */,
				0376C0A722E862FF005B2B4C /* Frameworks */,
				0376C0A822E862FF005B2B4C /* Resources */,
			);
			buildRules = (
			);
			dependencies = (
				0376C0AC22E862FF005B2B4C /* PBXTargetDependency */,
			);
			name = meteoGraphTests;
			productName = meteoGraphTests;
			productReference = 0376C0AA22E862FF005B2B4C /* meteoGraphTests.xctest */;
			productType = "com.apple.product-type.bundle.unit-test";
		};
		0376C0B422E862FF005B2B4C /* meteoGraphUITests */ = {
			isa = PBXNativeTarget;
			buildConfigurationList = 0376C0C422E862FF005B2B4C /* Build configuration list for PBXNativeTarget "meteoGraphUITests" */;
			buildPhases = (
				0376C0B122E862FF005B2B4C /* Sources */,
				0376C0B222E862FF005B2B4C /* Frameworks */,
				0376C0B322E862FF005B2B4C /* Resources */,
			);
			buildRules = (
			);
			dependencies = (
				0376C0B722E862FF005B2B4C /* PBXTargetDependency */,
			);
			name = meteoGraphUITests;
			productName = meteoGraphUITests;
			productReference = 0376C0B522E862FF005B2B4C /* meteoGraphUITests.xctest */;
			productType = "com.apple.product-type.bundle.ui-testing";
		};
/* End PBXNativeTarget section */

/* Begin PBXProject section */
		0376C09222E862FD005B2B4C /* Project object */ = {
			isa = PBXProject;
			attributes = {
				LastSwiftUpdateCheck = 1100;
				LastUpgradeCheck = 1410;
				ORGANIZATIONNAME = "thierry hentic";
				TargetAttributes = {
					0376C09922E862FD005B2B4C = {
						CreatedOnToolsVersion = 11.0;
					};
					0376C0A922E862FF005B2B4C = {
						CreatedOnToolsVersion = 11.0;
						TestTargetID = 0376C09922E862FD005B2B4C;
					};
					0376C0B422E862FF005B2B4C = {
						CreatedOnToolsVersion = 11.0;
						TestTargetID = 0376C09922E862FD005B2B4C;
					};
				};
			};
			buildConfigurationList = 0376C09522E862FD005B2B4C /* Build configuration list for PBXProject "meteoGraph" */;
			compatibilityVersion = "Xcode 9.3";
			developmentRegion = en;
			hasScannedForEncodings = 0;
			knownRegions = (
				en,
				Base,
				fr,
			);
			mainGroup = 0376C09122E862FD005B2B4C;
			packageReferences = (
				03CF20A72927DCE4006C93CD /* XCRemoteSwiftPackageReference "Charts" */,
			);
			productRefGroup = 0376C09B22E862FD005B2B4C /* Products */;
			projectDirPath = "";
			projectRoot = "";
			targets = (
				0376C09922E862FD005B2B4C /* meteoGraph */,
				0376C0A922E862FF005B2B4C /* meteoGraphTests */,
				0376C0B422E862FF005B2B4C /* meteoGraphUITests */,
			);
		};
/* End PBXProject section */

/* Begin PBXResourcesBuildPhase section */
		0376C09822E862FD005B2B4C /* Resources */ = {
			isa = PBXResourcesBuildPhase;
			buildActionMask = 2147483647;
			files = (
				0376C0A022E862FF005B2B4C /* Assets.xcassets in Resources */,
				0376C13122E86615005B2B4C /* PreferencesUnitViewController.xib in Resources */,
				0376C0EC22E86466005B2B4C /* ForecastDailyViewController.xib in Resources */,
				0376C0EA22E86466005B2B4C /* TemperatureDaylyViewController.xib in Resources */,
				0376C11922E8659A005B2B4C /* RadarMarkerView.xib in Resources */,
				0376C0DB22E8642A005B2B4C /* THSideBarViewController.xib in Resources */,
				0376C12E22E86615005B2B4C /* PreferencesAdvancedViewController.xib in Resources */,
				03ADBD4322F1582D002AFD3D /* CurrentWeatherViewController.xib in Resources */,
				0351459E230F1F5D00A7A1AF /* ForecastDailyBarViewController.xib in Resources */,
				0372AA7222EDAD40004EFFCA /* city.default.json in Resources */,
				0376C12422E8660A005B2B4C /* city.list.json in Resources */,
				0376C0EE22E86466005B2B4C /* WeatherHourlyViewController.xib in Resources */,
				0376C18322E86749005B2B4C /* MainWindowController.xib in Resources */,
				031AF05D22EB83CB008040C1 /* README.md in Resources */,
				0376C0A322E862FF005B2B4C /* MainMenu.xib in Resources */,
				0376C13022E86615005B2B4C /* PreferencesGeneralViewController.xib in Resources */,
			);
			runOnlyForDeploymentPostprocessing = 0;
		};
		0376C0A822E862FF005B2B4C /* Resources */ = {
			isa = PBXResourcesBuildPhase;
			buildActionMask = 2147483647;
			files = (
			);
			runOnlyForDeploymentPostprocessing = 0;
		};
		0376C0B322E862FF005B2B4C /* Resources */ = {
			isa = PBXResourcesBuildPhase;
			buildActionMask = 2147483647;
			files = (
			);
			runOnlyForDeploymentPostprocessing = 0;
		};
/* End PBXResourcesBuildPhase section */

/* Begin PBXSourcesBuildPhase section */
		0376C09622E862FD005B2B4C /* Sources */ = {
			isa = PBXSourcesBuildPhase;
			buildActionMask = 2147483647;
			files = (
				0376C11822E8659A005B2B4C /* LargeValueFormatter.swift in Sources */,
				0376C11C22E8659A005B2B4C /* DoubleAxisValueFormatter.swift in Sources */,
				0376C11522E8659A005B2B4C /* RectMarker.swift in Sources */,
				0376C13B22E8661F005B2B4C /* util.swift in Sources */,
				0376C12F22E86615005B2B4C /* SwiftyJSON.swift in Sources */,
				0376C15222E8667C005B2B4C /* ApiError.swift in Sources */,
				03ADBD5022F18407002AFD3D /* City.swift in Sources */,
				03ADBD5E22F187AB002AFD3D /* WeatherCondition.swift in Sources */,
				0376C12322E8660A005B2B4C /* AutoCompleteTextField.swift in Sources */,
				0376C12522E8660A005B2B4C /* Cities.swift in Sources */,
				03ADBD5222F18479002AFD3D /* CLLocationCoordinate+Codable.swift in Sources */,
				0376C15122E8667C005B2B4C /* Enums.swift in Sources */,
				03ADBD5622F18524002AFD3D /* Sun.swift in Sources */,
				0376C13222E86615005B2B4C /* PreferencesAdvancedViewController.swift in Sources */,
				0376C14A22E8667C005B2B4C /* WeatherRequest.swift in Sources */,
				0376C13322E86615005B2B4C /* PreferencesUnitViewController.swift in Sources */,
				03ADBD5822F1853F002AFD3D /* MainInformation.swift in Sources */,
				0376C0D622E8642A005B2B4C /* THSideBarViewController.swift in Sources */,
				0376C14B22E8667C005B2B4C /* HPOpenWeather.swift in Sources */,
				0376C14D22E8667C005B2B4C /* Forecast.swift in Sources */,
				0376C0F222E86466005B2B4C /* WeatherHourlyViewController.swift in Sources */,
				0376C11D22E8659A005B2B4C /* DateFullValueFormatter.swift in Sources */,
				0376C0D522E8642A005B2B4C /* THSidebarTableCellView.swift in Sources */,
				0376C0C922E863F6005B2B4C /* MainWindowController.swift in Sources */,
				0376C10522E86513005B2B4C /* Notification.swift in Sources */,
				0376C11622E8659A005B2B4C /* DateValueFormatter.swift in Sources */,
				03ADBD5C22F18788002AFD3D /* Clouds.swift in Sources */,
				0376C0D922E8642A005B2B4C /* THSideBarDelegate.swift in Sources */,
				03ADBD5A22F18558002AFD3D /* Wind.swift in Sources */,
				03FCBCAB230C1ACA00CB357A /* Preferences.swift in Sources */,
				0376C11722E8659A005B2B4C /* XYMarkerView.swift in Sources */,
				0376C0D822E8642A005B2B4C /* THTextFieldDelegate.swift in Sources */,
				035BF26922F0CB33003DA149 /* FlickrData.swift in Sources */,
				03ADBD5422F184FC002AFD3D /* System.swift in Sources */,
				0376C09E22E862FD005B2B4C /* AppDelegate.swift in Sources */,
				0376C10922E86565005B2B4C /* ClockTimer.swift in Sources */,
				0376C13C22E8661F005B2B4C /* PreferencesWindowController.swift in Sources */,
				0376C14C22E8667C005B2B4C /* DailyForecast.swift in Sources */,
				0376C0F022E86466005B2B4C /* CurrentWeatherViewController.swift in Sources */,
				0376C0D722E8642A005B2B4C /* THSideBarData.swift in Sources */,
				0376C15422E8667C005B2B4C /* WeatherSnapshot.swift in Sources */,
				0376C13A22E8661F005B2B4C /* Preferenceable.swift in Sources */,
				0376C13422E86615005B2B4C /* PreferencesGeneralViewController.swift in Sources */,
				0376C11B22E8659A005B2B4C /* BalloonMarker.swift in Sources */,
				035BF26522F0C6A0003DA149 /* FlickrProvider.swift in Sources */,
				0376C15022E8667C005B2B4C /* CurrentWeather.swift in Sources */,
				0376C0E822E86466005B2B4C /* ForecastDailyBarViewController.swift in Sources */,
				0376C15322E8667C005B2B4C /* HourlyForecast.swift in Sources */,
				0376C10822E86565005B2B4C /* ClockView.swift in Sources */,
				0376C11A22E8659A005B2B4C /* RadarMarkerView.swift in Sources */,
				0376C0ED22E86466005B2B4C /* ForecastDailyViewController.swift in Sources */,
				0376C13922E8661F005B2B4C /* PreferencesTabViewController.swift in Sources */,
				0376C0D422E8642A005B2B4C /* THSideBarDragDrop.swift in Sources */,
				0376C0F122E86466005B2B4C /* CurrentWeatherView.swift in Sources */,
				03FCBCAC230C1ACA00CB357A /* PreferenceKey.swift in Sources */,
				0376C0DA22E8642A005B2B4C /* THSideBarDataSource.swift in Sources */,
				0376C0EF22E86466005B2B4C /* TemperatureDaylyViewController.swift in Sources */,
				03ADBD6022F187C9002AFD3D /* Precipitation.swift in Sources */,
			);
			runOnlyForDeploymentPostprocessing = 0;
		};
		0376C0A622E862FF005B2B4C /* Sources */ = {
			isa = PBXSourcesBuildPhase;
			buildActionMask = 2147483647;
			files = (
				0376C0AF22E862FF005B2B4C /* meteoGraphTests.swift in Sources */,
			);
			runOnlyForDeploymentPostprocessing = 0;
		};
		0376C0B122E862FF005B2B4C /* Sources */ = {
			isa = PBXSourcesBuildPhase;
			buildActionMask = 2147483647;
			files = (
				0376C0BA22E862FF005B2B4C /* meteoGraphUITests.swift in Sources */,
			);
			runOnlyForDeploymentPostprocessing = 0;
		};
/* End PBXSourcesBuildPhase section */

/* Begin PBXTargetDependency section */
		0376C0AC22E862FF005B2B4C /* PBXTargetDependency */ = {
			isa = PBXTargetDependency;
			target = 0376C09922E862FD005B2B4C /* meteoGraph */;
			targetProxy = 0376C0AB22E862FF005B2B4C /* PBXContainerItemProxy */;
		};
		0376C0B722E862FF005B2B4C /* PBXTargetDependency */ = {
			isa = PBXTargetDependency;
			target = 0376C09922E862FD005B2B4C /* meteoGraph */;
			targetProxy = 0376C0B622E862FF005B2B4C /* PBXContainerItemProxy */;
		};
/* End PBXTargetDependency section */

/* Begin PBXVariantGroup section */
		035145A0230F1F5D00A7A1AF /* ForecastDailyBarViewController.xib */ = {
			isa = PBXVariantGroup;
			children = (
				0351459F230F1F5D00A7A1AF /* Base */,
			);
			name = ForecastDailyBarViewController.xib;
			sourceTree = "<group>";
		};
		0376C0A122E862FF005B2B4C /* MainMenu.xib */ = {
			isa = PBXVariantGroup;
			children = (
				0376C0A222E862FF005B2B4C /* Base */,
				0376C18222E8673C005B2B4C /* fr */,
				0376C18B22E8675B005B2B4C /* en */,
			);
			name = MainMenu.xib;
			sourceTree = "<group>";
		};
		0376C18522E86749005B2B4C /* MainWindowController.xib */ = {
			isa = PBXVariantGroup;
			children = (
				0376C18422E86749005B2B4C /* Base */,
				0376C18722E86750005B2B4C /* fr */,
				0376C18922E86751005B2B4C /* en */,
			);
			name = MainWindowController.xib;
			sourceTree = "<group>";
		};
		03ADBD4522F1582D002AFD3D /* CurrentWeatherViewController.xib */ = {
			isa = PBXVariantGroup;
			children = (
				03ADBD4422F1582D002AFD3D /* Base */,
				03ADBD4922F15836002AFD3D /* en */,
				03ADBD4B22F15838002AFD3D /* fr */,
			);
			name = CurrentWeatherViewController.xib;
			sourceTree = "<group>";
		};
/* End PBXVariantGroup section */

/* Begin XCBuildConfiguration section */
		0376C0BC22E862FF005B2B4C /* Debug */ = {
			isa = XCBuildConfiguration;
			buildSettings = {
				ALWAYS_SEARCH_USER_PATHS = NO;
				CLANG_ANALYZER_LOCALIZABILITY_NONLOCALIZED = YES;
				CLANG_ANALYZER_NONNULL = YES;
				CLANG_ANALYZER_NUMBER_OBJECT_CONVERSION = YES_AGGRESSIVE;
				CLANG_CXX_LANGUAGE_STANDARD = "gnu++14";
				CLANG_CXX_LIBRARY = "libc++";
				CLANG_ENABLE_MODULES = YES;
				CLANG_ENABLE_OBJC_ARC = YES;
				CLANG_ENABLE_OBJC_WEAK = YES;
				CLANG_WARN_BLOCK_CAPTURE_AUTORELEASING = YES;
				CLANG_WARN_BOOL_CONVERSION = YES;
				CLANG_WARN_COMMA = YES;
				CLANG_WARN_CONSTANT_CONVERSION = YES;
				CLANG_WARN_DEPRECATED_OBJC_IMPLEMENTATIONS = YES;
				CLANG_WARN_DIRECT_OBJC_ISA_USAGE = YES_ERROR;
				CLANG_WARN_DOCUMENTATION_COMMENTS = YES;
				CLANG_WARN_EMPTY_BODY = YES;
				CLANG_WARN_ENUM_CONVERSION = YES;
				CLANG_WARN_INFINITE_RECURSION = YES;
				CLANG_WARN_INT_CONVERSION = YES;
				CLANG_WARN_NON_LITERAL_NULL_CONVERSION = YES;
				CLANG_WARN_OBJC_IMPLICIT_RETAIN_SELF = YES;
				CLANG_WARN_OBJC_LITERAL_CONVERSION = YES;
				CLANG_WARN_OBJC_ROOT_CLASS = YES_ERROR;
				CLANG_WARN_QUOTED_INCLUDE_IN_FRAMEWORK_HEADER = YES;
				CLANG_WARN_RANGE_LOOP_ANALYSIS = YES;
				CLANG_WARN_STRICT_PROTOTYPES = YES;
				CLANG_WARN_SUSPICIOUS_MOVE = YES;
				CLANG_WARN_UNGUARDED_AVAILABILITY = YES_AGGRESSIVE;
				CLANG_WARN_UNREACHABLE_CODE = YES;
				CLANG_WARN__DUPLICATE_METHOD_MATCH = YES;
				COPY_PHASE_STRIP = NO;
				DEAD_CODE_STRIPPING = YES;
				DEBUG_INFORMATION_FORMAT = dwarf;
				ENABLE_STRICT_OBJC_MSGSEND = YES;
				ENABLE_TESTABILITY = YES;
				GCC_C_LANGUAGE_STANDARD = gnu11;
				GCC_DYNAMIC_NO_PIC = NO;
				GCC_NO_COMMON_BLOCKS = YES;
				GCC_OPTIMIZATION_LEVEL = 0;
				GCC_PREPROCESSOR_DEFINITIONS = (
					"DEBUG=1",
					"$(inherited)",
				);
				GCC_WARN_64_TO_32_BIT_CONVERSION = YES;
				GCC_WARN_ABOUT_RETURN_TYPE = YES_ERROR;
				GCC_WARN_UNDECLARED_SELECTOR = YES;
				GCC_WARN_UNINITIALIZED_AUTOS = YES_AGGRESSIVE;
				GCC_WARN_UNUSED_FUNCTION = YES;
				GCC_WARN_UNUSED_VARIABLE = YES;
				MACOSX_DEPLOYMENT_TARGET = 10.14;
				MTL_ENABLE_DEBUG_INFO = INCLUDE_SOURCE;
				MTL_FAST_MATH = YES;
				ONLY_ACTIVE_ARCH = YES;
				SDKROOT = macosx;
				SWIFT_ACTIVE_COMPILATION_CONDITIONS = DEBUG;
				SWIFT_OPTIMIZATION_LEVEL = "-Onone";
			};
			name = Debug;
		};
		0376C0BD22E862FF005B2B4C /* Release */ = {
			isa = XCBuildConfiguration;
			buildSettings = {
				ALWAYS_SEARCH_USER_PATHS = NO;
				CLANG_ANALYZER_LOCALIZABILITY_NONLOCALIZED = YES;
				CLANG_ANALYZER_NONNULL = YES;
				CLANG_ANALYZER_NUMBER_OBJECT_CONVERSION = YES_AGGRESSIVE;
				CLANG_CXX_LANGUAGE_STANDARD = "gnu++14";
				CLANG_CXX_LIBRARY = "libc++";
				CLANG_ENABLE_MODULES = YES;
				CLANG_ENABLE_OBJC_ARC = YES;
				CLANG_ENABLE_OBJC_WEAK = YES;
				CLANG_WARN_BLOCK_CAPTURE_AUTORELEASING = YES;
				CLANG_WARN_BOOL_CONVERSION = YES;
				CLANG_WARN_COMMA = YES;
				CLANG_WARN_CONSTANT_CONVERSION = YES;
				CLANG_WARN_DEPRECATED_OBJC_IMPLEMENTATIONS = YES;
				CLANG_WARN_DIRECT_OBJC_ISA_USAGE = YES_ERROR;
				CLANG_WARN_DOCUMENTATION_COMMENTS = YES;
				CLANG_WARN_EMPTY_BODY = YES;
				CLANG_WARN_ENUM_CONVERSION = YES;
				CLANG_WARN_INFINITE_RECURSION = YES;
				CLANG_WARN_INT_CONVERSION = YES;
				CLANG_WARN_NON_LITERAL_NULL_CONVERSION = YES;
				CLANG_WARN_OBJC_IMPLICIT_RETAIN_SELF = YES;
				CLANG_WARN_OBJC_LITERAL_CONVERSION = YES;
				CLANG_WARN_OBJC_ROOT_CLASS = YES_ERROR;
				CLANG_WARN_QUOTED_INCLUDE_IN_FRAMEWORK_HEADER = YES;
				CLANG_WARN_RANGE_LOOP_ANALYSIS = YES;
				CLANG_WARN_STRICT_PROTOTYPES = YES;
				CLANG_WARN_SUSPICIOUS_MOVE = YES;
				CLANG_WARN_UNGUARDED_AVAILABILITY = YES_AGGRESSIVE;
				CLANG_WARN_UNREACHABLE_CODE = YES;
				CLANG_WARN__DUPLICATE_METHOD_MATCH = YES;
				COPY_PHASE_STRIP = NO;
				DEAD_CODE_STRIPPING = YES;
				DEBUG_INFORMATION_FORMAT = "dwarf-with-dsym";
				ENABLE_NS_ASSERTIONS = NO;
				ENABLE_STRICT_OBJC_MSGSEND = YES;
				GCC_C_LANGUAGE_STANDARD = gnu11;
				GCC_NO_COMMON_BLOCKS = YES;
				GCC_WARN_64_TO_32_BIT_CONVERSION = YES;
				GCC_WARN_ABOUT_RETURN_TYPE = YES_ERROR;
				GCC_WARN_UNDECLARED_SELECTOR = YES;
				GCC_WARN_UNINITIALIZED_AUTOS = YES_AGGRESSIVE;
				GCC_WARN_UNUSED_FUNCTION = YES;
				GCC_WARN_UNUSED_VARIABLE = YES;
				MACOSX_DEPLOYMENT_TARGET = 10.14;
				MTL_ENABLE_DEBUG_INFO = NO;
				MTL_FAST_MATH = YES;
				SDKROOT = macosx;
				SWIFT_COMPILATION_MODE = wholemodule;
				SWIFT_OPTIMIZATION_LEVEL = "-O";
			};
			name = Release;
		};
		0376C0BF22E862FF005B2B4C /* Debug */ = {
			isa = XCBuildConfiguration;
			buildSettings = {
				ASSETCATALOG_COMPILER_APPICON_NAME = AppIcon;
				CODE_SIGN_ENTITLEMENTS = meteoGraph/meteoGraph.entitlements;
				CODE_SIGN_IDENTITY = "Apple Development";
				CODE_SIGN_STYLE = Automatic;
				COMBINE_HIDPI_IMAGES = YES;
				DEAD_CODE_STRIPPING = YES;
				DEVELOPMENT_TEAM = 84WLNJ2YG4;
				ENABLE_HARDENED_RUNTIME = YES;
				INFOPLIST_FILE = meteoGraph/Info.plist;
				LD_RUNPATH_SEARCH_PATHS = (
					"$(inherited)",
					"@executable_path/../Frameworks",
				);
				MACOSX_DEPLOYMENT_TARGET = "$(RECOMMENDED_MACOSX_DEPLOYMENT_TARGET)";
				PRODUCT_BUNDLE_IDENTIFIER = com.thierry24100.meteoGraph;
				PRODUCT_NAME = "$(TARGET_NAME)";
				PROVISIONING_PROFILE_SPECIFIER = "";
				SWIFT_VERSION = 5.0;
			};
			name = Debug;
		};
		0376C0C022E862FF005B2B4C /* Release */ = {
			isa = XCBuildConfiguration;
			buildSettings = {
				ASSETCATALOG_COMPILER_APPICON_NAME = AppIcon;
				CODE_SIGN_ENTITLEMENTS = meteoGraph/meteoGraph.entitlements;
				CODE_SIGN_IDENTITY = "Apple Development";
				CODE_SIGN_STYLE = Automatic;
				COMBINE_HIDPI_IMAGES = YES;
				DEAD_CODE_STRIPPING = YES;
				DEVELOPMENT_TEAM = 84WLNJ2YG4;
				ENABLE_HARDENED_RUNTIME = YES;
				INFOPLIST_FILE = meteoGraph/Info.plist;
				LD_RUNPATH_SEARCH_PATHS = (
					"$(inherited)",
					"@executable_path/../Frameworks",
				);
				MACOSX_DEPLOYMENT_TARGET = "$(RECOMMENDED_MACOSX_DEPLOYMENT_TARGET)";
				PRODUCT_BUNDLE_IDENTIFIER = com.thierry24100.meteoGraph;
				PRODUCT_NAME = "$(TARGET_NAME)";
				PROVISIONING_PROFILE_SPECIFIER = "";
				SWIFT_VERSION = 5.0;
			};
			name = Release;
		};
		0376C0C222E862FF005B2B4C /* Debug */ = {
			isa = XCBuildConfiguration;
			buildSettings = {
				ALWAYS_EMBED_SWIFT_STANDARD_LIBRARIES = YES;
				BUNDLE_LOADER = "$(TEST_HOST)";
				CODE_SIGN_STYLE = Automatic;
				COMBINE_HIDPI_IMAGES = YES;
				DEAD_CODE_STRIPPING = YES;
				INFOPLIST_FILE = meteoGraphTests/Info.plist;
				LD_RUNPATH_SEARCH_PATHS = (
					"$(inherited)",
					"@executable_path/../Frameworks",
					"@loader_path/../Frameworks",
				);
				MACOSX_DEPLOYMENT_TARGET = "$(RECOMMENDED_MACOSX_DEPLOYMENT_TARGET)";
				PRODUCT_BUNDLE_IDENTIFIER = id.meteoGraphTests;
				PRODUCT_NAME = "$(TARGET_NAME)";
				SWIFT_VERSION = 5.0;
				TEST_HOST = "$(BUILT_PRODUCTS_DIR)/meteoGraph.app/Contents/MacOS/meteoGraph";
			};
			name = Debug;
		};
		0376C0C322E862FF005B2B4C /* Release */ = {
			isa = XCBuildConfiguration;
			buildSettings = {
				ALWAYS_EMBED_SWIFT_STANDARD_LIBRARIES = YES;
				BUNDLE_LOADER = "$(TEST_HOST)";
				CODE_SIGN_STYLE = Automatic;
				COMBINE_HIDPI_IMAGES = YES;
				DEAD_CODE_STRIPPING = YES;
				INFOPLIST_FILE = meteoGraphTests/Info.plist;
				LD_RUNPATH_SEARCH_PATHS = (
					"$(inherited)",
					"@executable_path/../Frameworks",
					"@loader_path/../Frameworks",
				);
				MACOSX_DEPLOYMENT_TARGET = "$(RECOMMENDED_MACOSX_DEPLOYMENT_TARGET)";
				PRODUCT_BUNDLE_IDENTIFIER = id.meteoGraphTests;
				PRODUCT_NAME = "$(TARGET_NAME)";
				SWIFT_VERSION = 5.0;
				TEST_HOST = "$(BUILT_PRODUCTS_DIR)/meteoGraph.app/Contents/MacOS/meteoGraph";
			};
			name = Release;
		};
		0376C0C522E862FF005B2B4C /* Debug */ = {
			isa = XCBuildConfiguration;
			buildSettings = {
				ALWAYS_EMBED_SWIFT_STANDARD_LIBRARIES = YES;
				CODE_SIGN_STYLE = Automatic;
				COMBINE_HIDPI_IMAGES = YES;
				DEAD_CODE_STRIPPING = YES;
				INFOPLIST_FILE = meteoGraphUITests/Info.plist;
				LD_RUNPATH_SEARCH_PATHS = (
					"$(inherited)",
					"@executable_path/../Frameworks",
					"@loader_path/../Frameworks",
				);
				MACOSX_DEPLOYMENT_TARGET = "$(RECOMMENDED_MACOSX_DEPLOYMENT_TARGET)";
				PRODUCT_BUNDLE_IDENTIFIER = id.meteoGraphUITests;
				PRODUCT_NAME = "$(TARGET_NAME)";
				SWIFT_VERSION = 5.0;
				TEST_TARGET_NAME = meteoGraph;
			};
			name = Debug;
		};
		0376C0C622E862FF005B2B4C /* Release */ = {
			isa = XCBuildConfiguration;
			buildSettings = {
				ALWAYS_EMBED_SWIFT_STANDARD_LIBRARIES = YES;
				CODE_SIGN_STYLE = Automatic;
				COMBINE_HIDPI_IMAGES = YES;
				DEAD_CODE_STRIPPING = YES;
				INFOPLIST_FILE = meteoGraphUITests/Info.plist;
				LD_RUNPATH_SEARCH_PATHS = (
					"$(inherited)",
					"@executable_path/../Frameworks",
					"@loader_path/../Frameworks",
				);
				MACOSX_DEPLOYMENT_TARGET = "$(RECOMMENDED_MACOSX_DEPLOYMENT_TARGET)";
				PRODUCT_BUNDLE_IDENTIFIER = id.meteoGraphUITests;
				PRODUCT_NAME = "$(TARGET_NAME)";
				SWIFT_VERSION = 5.0;
				TEST_TARGET_NAME = meteoGraph;
			};
			name = Release;
		};
/* End XCBuildConfiguration section */

/* Begin XCConfigurationList section */
		0376C09522E862FD005B2B4C /* Build configuration list for PBXProject "meteoGraph" */ = {
			isa = XCConfigurationList;
			buildConfigurations = (
				0376C0BC22E862FF005B2B4C /* Debug */,
				0376C0BD22E862FF005B2B4C /* Release */,
			);
			defaultConfigurationIsVisible = 0;
			defaultConfigurationName = Release;
		};
		0376C0BE22E862FF005B2B4C /* Build configuration list for PBXNativeTarget "meteoGraph" */ = {
			isa = XCConfigurationList;
			buildConfigurations = (
				0376C0BF22E862FF005B2B4C /* Debug */,
				0376C0C022E862FF005B2B4C /* Release */,
			);
			defaultConfigurationIsVisible = 0;
			defaultConfigurationName = Release;
		};
		0376C0C122E862FF005B2B4C /* Build configuration list for PBXNativeTarget "meteoGraphTests" */ = {
			isa = XCConfigurationList;
			buildConfigurations = (
				0376C0C222E862FF005B2B4C /* Debug */,
				0376C0C322E862FF005B2B4C /* Release */,
			);
			defaultConfigurationIsVisible = 0;
			defaultConfigurationName = Release;
		};
		0376C0C422E862FF005B2B4C /* Build configuration list for PBXNativeTarget "meteoGraphUITests" */ = {
			isa = XCConfigurationList;
			buildConfigurations = (
				0376C0C522E862FF005B2B4C /* Debug */,
				0376C0C622E862FF005B2B4C /* Release */,
			);
			defaultConfigurationIsVisible = 0;
			defaultConfigurationName = Release;
		};
/* End XCConfigurationList section */

/* Begin XCRemoteSwiftPackageReference section */
		03CF20A72927DCE4006C93CD /* XCRemoteSwiftPackageReference "Charts" */ = {
			isa = XCRemoteSwiftPackageReference;
			repositoryURL = "https://github.com/danielgindi/Charts";
			requirement = {
				branch = master;
				kind = branch;
			};
		};
/* End XCRemoteSwiftPackageReference section */

/* Begin XCSwiftPackageProductDependency section */
		03CF20A82927DCE4006C93CD /* Charts */ = {
			isa = XCSwiftPackageProductDependency;
			package = 03CF20A72927DCE4006C93CD /* XCRemoteSwiftPackageReference "Charts" */;
			productName = Charts;
		};
/* End XCSwiftPackageProductDependency section */
	};
	rootObject = 0376C09222E862FD005B2B4C /* Project object */;
}
